<?xml version="1.0" encoding="utf-8"?>
<Project ToolsVersion="4.0" xmlns="http://schemas.microsoft.com/developer/msbuild/2003">
  <ItemGroup>
    <ClCompile Include="dllmain.cpp" />
    <ClCompile Include="KFStorePlugin.cpp" />
    <ClCompile Include="KFStoreUnlockModule.cpp">
      <Filter>Unlock</Filter>
    </ClCompile>
    <ClCompile Include="KFStoreModule.cpp">
      <Filter>Store</Filter>
    </ClCompile>
    <ClCompile Include="KFStoreUnlockConfig.cpp">
      <Filter>Unlock</Filter>
    </ClCompile>
    <ClCompile Include="KFStoreConfig.cpp">
      <Filter>Store</Filter>
    </ClCompile>
    <ClCompile Include="KFGoodsConfig.cpp">
      <Filter>Goods</Filter>
    </ClCompile>
    <ClCompile Include="KFGoodsModule.cpp">
      <Filter>Goods</Filter>
    </ClCompile>
  </ItemGroup>
  <ItemGroup>
    <ClInclude Include="KFStorePlugin.hpp" />
    <ClInclude Include="KFStoreUnlockInterface.h">
      <Filter>Unlock</Filter>
    </ClInclude>
    <ClInclude Include="KFStoreUnlockModule.hpp">
      <Filter>Unlock</Filter>
    </ClInclude>
    <ClInclude Include="KFStoreModule.hpp">
      <Filter>Store</Filter>
    </ClInclude>
    <ClInclude Include="KFStoreInterface.h">
      <Filter>Store</Filter>
    </ClInclude>
    <ClInclude Include="KFStoreUnlockConfig.hpp">
      <Filter>Unlock</Filter>
    </ClInclude>
    <ClInclude Include="KFStoreConfig.hpp">
      <Filter>Store</Filter>
    </ClInclude>
    <ClInclude Include="KFGoodsConfig.hpp">
      <Filter>Goods</Filter>
    </ClInclude>
    <ClInclude Include="KFGoodsInterface.h">
      <Filter>Goods</Filter>
    </ClInclude>
    <ClInclude Include="KFGoodsModule.hpp">
      <Filter>Goods</Filter>
    </ClInclude>
  </ItemGroup>
  <ItemGroup>
    <Filter Include="Unlock">
      <UniqueIdentifier>{35e8edfe-b99f-4092-a306-575243726044}</UniqueIdentifier>
    </Filter>
    <Filter Include="Store">
      <UniqueIdentifier>{2fe7f2ce-d387-4408-be6d-6e4bf471ffa9}</UniqueIdentifier>
    </Filter>
    <Filter Include="Goods">
      <UniqueIdentifier>{160cccc8-85a2-4325-a6ab-a674d900d8fb}</UniqueIdentifier>
    </Filter>
  </ItemGroup>
</Project>