<?xml version="1.0" encoding="utf-8"?>
<Project ToolsVersion="4.0" xmlns="http://schemas.microsoft.com/developer/msbuild/2003">
  <ItemGroup>
    <ClCompile Include="dllmain.cpp" />
    <ClCompile Include="KFMatchShardModule.cpp" />
    <ClCompile Include="KFMatchShardPlugin.cpp" />
    <ClCompile Include="KFMatchPlayer.cpp">
      <Filter>KFMatch</Filter>
    </ClCompile>
    <ClCompile Include="KFMatchQueue.cpp">
      <Filter>KFMatch</Filter>
    </ClCompile>
    <ClCompile Include="KFMatchRoom.cpp">
      <Filter>KFMatch</Filter>
    </ClCompile>
    <ClCompile Include="KFMatchHeroConfig.cpp">
      <Filter>Config</Filter>
    </ClCompile>
    <ClCompile Include="KFMatchNameConfig.cpp">
      <Filter>Config</Filter>
    </ClCompile>
    <ClCompile Include="KFMatchShardConfig.cpp">
      <Filter>Config</Filter>
    </ClCompile>
  </ItemGroup>
  <ItemGroup>
    <ClInclude Include="KFMatchShardInterface.h" />
    <ClInclude Include="KFMatchShardModule.hpp" />
    <ClInclude Include="KFMatchShardPlugin.hpp" />
    <ClInclude Include="KFMatchPlayer.h">
      <Filter>KFMatch</Filter>
    </ClInclude>
    <ClInclude Include="KFMatchQueue.h">
      <Filter>KFMatch</Filter>
    </ClInclude>
    <ClInclude Include="KFMatchRoom.h">
      <Filter>KFMatch</Filter>
    </ClInclude>
    <ClInclude Include="KFMatchHeroConfig.hpp">
      <Filter>Config</Filter>
    </ClInclude>
    <ClInclude Include="KFMatchNameConfig.hpp">
      <Filter>Config</Filter>
    </ClInclude>
    <ClInclude Include="KFMatchShardConfig.hpp">
      <Filter>Config</Filter>
    </ClInclude>
  </ItemGroup>
  <ItemGroup>
    <Filter Include="KFMatch">
      <UniqueIdentifier>{3b327ea6-2695-4730-a1ab-f9bb09e34a7a}</UniqueIdentifier>
    </Filter>
    <Filter Include="Config">
      <UniqueIdentifier>{d4844965-90f0-4b4d-988c-4dfa44246554}</UniqueIdentifier>
    </Filter>
  </ItemGroup>
</Project>