
Microsoft Visual Studio Solution File, Format Version 12.00
# Visual Studio 15
VisualStudioVersion = 15.0.27130.2010
MinimumVisualStudioVersion = 10.0.40219.1
Project("{2150E333-8FDC-42A3-9474-1A3956D46DE8}") = "KFPlugin", "KFPlugin", "{1D179A75-BB71-4548-95D7-D5FF5A9C3AD9}"
EndProject
Project("{2150E333-8FDC-42A3-9474-1A3956D46DE8}") = "KFPlayer", "KFPlayer", "{D087F76E-E4AE-48E3-A57D-718F5E59B4C0}"
EndProject
Project("{8BC9CEB8-8B4A-11D0-8D11-00A0C91BC942}") = "KFAttribute", "KFPlugin\KFAttribute\KFAttribute.vcxproj", "{2CC0C2FE-0094-4C5E-BAE0-456BB95D8C34}"
EndProject
Project("{2150E333-8FDC-42A3-9474-1A3956D46DE8}") = "KFBattle", "KFBattle", "{687B1417-5063-43F8-B4D1-6E8C66531121}"
EndProject
Project("{8BC9CEB8-8B4A-11D0-8D11-00A0C91BC942}") = "KFHero", "KFPlugin\KFHero\KFHero.vcxproj", "{0F0E932C-DEEE-43FC-8A0E-CD7A58857D92}"
EndProject
Project("{8BC9CEB8-8B4A-11D0-8D11-00A0C91BC942}") = "KFMatchClient", "KFPlugin\KFMatchClient\KFMatchClient.vcxproj", "{E05617F0-FAFA-43C6-8646-BC30E40CD761}"
EndProject
Project("{8BC9CEB8-8B4A-11D0-8D11-00A0C91BC942}") = "KFMatchShard", "KFPlugin\KFMatchShard\KFMatchShard.vcxproj", "{FC854FE6-6CD1-4BFC-B22F-D2A742FD971C}"
EndProject
Project("{8BC9CEB8-8B4A-11D0-8D11-00A0C91BC942}") = "KFRoomClient", "KFPlugin\KFRoomClient\KFRoomClient.vcxproj", "{68295A3A-BDA3-4B84-BC14-74977AC113FA}"
EndProject
Project("{8BC9CEB8-8B4A-11D0-8D11-00A0C91BC942}") = "KFRoomShard", "KFPlugin\KFRoomShard\KFRoomShard.vcxproj", "{AFAB1443-A0C2-4D82-A89F-283BE46250D1}"
EndProject
Project("{2150E333-8FDC-42A3-9474-1A3956D46DE8}") = "KFRobot", "KFRobot", "{597D7227-D9E1-4C76-B6F2-3CA79C3A6BA1}"
EndProject
Project("{8BC9CEB8-8B4A-11D0-8D11-00A0C91BC942}") = "KFRobot", "KFPlugin\KFRobot\KFRobot.vcxproj", "{88DF3121-DC28-4BD7-895B-25F5993DBFB2}"
EndProject
Global
	GlobalSection(SolutionConfigurationPlatforms) = preSolution
		Debug|x64 = Debug|x64
		Debug|x86 = Debug|x86
		Release|x64 = Release|x64
		Release|x86 = Release|x86
	EndGlobalSection
	GlobalSection(ProjectConfigurationPlatforms) = postSolution
		{2CC0C2FE-0094-4C5E-BAE0-456BB95D8C34}.Debug|x64.ActiveCfg = Debug|x64
		{2CC0C2FE-0094-4C5E-BAE0-456BB95D8C34}.Debug|x64.Build.0 = Debug|x64
		{2CC0C2FE-0094-4C5E-BAE0-456BB95D8C34}.Debug|x86.ActiveCfg = Debug|x64
		{2CC0C2FE-0094-4C5E-BAE0-456BB95D8C34}.Release|x64.ActiveCfg = Release|x64
		{2CC0C2FE-0094-4C5E-BAE0-456BB95D8C34}.Release|x64.Build.0 = Release|x64
		{2CC0C2FE-0094-4C5E-BAE0-456BB95D8C34}.Release|x86.ActiveCfg = Release|x64
		{0F0E932C-DEEE-43FC-8A0E-CD7A58857D92}.Debug|x64.ActiveCfg = Debug|x64
		{0F0E932C-DEEE-43FC-8A0E-CD7A58857D92}.Debug|x64.Build.0 = Debug|x64
		{0F0E932C-DEEE-43FC-8A0E-CD7A58857D92}.Debug|x86.ActiveCfg = Debug|x64
		{0F0E932C-DEEE-43FC-8A0E-CD7A58857D92}.Release|x64.ActiveCfg = Release|x64
		{0F0E932C-DEEE-43FC-8A0E-CD7A58857D92}.Release|x64.Build.0 = Release|x64
		{0F0E932C-DEEE-43FC-8A0E-CD7A58857D92}.Release|x86.ActiveCfg = Release|x64
		{E05617F0-FAFA-43C6-8646-BC30E40CD761}.Debug|x64.ActiveCfg = Debug|x64
		{E05617F0-FAFA-43C6-8646-BC30E40CD761}.Debug|x64.Build.0 = Debug|x64
		{E05617F0-FAFA-43C6-8646-BC30E40CD761}.Debug|x86.ActiveCfg = Debug|x64
		{E05617F0-FAFA-43C6-8646-BC30E40CD761}.Release|x64.ActiveCfg = Release|x64
		{E05617F0-FAFA-43C6-8646-BC30E40CD761}.Release|x64.Build.0 = Release|x64
		{E05617F0-FAFA-43C6-8646-BC30E40CD761}.Release|x86.ActiveCfg = Release|x64
		{FC854FE6-6CD1-4BFC-B22F-D2A742FD971C}.Debug|x64.ActiveCfg = Debug|x64
		{FC854FE6-6CD1-4BFC-B22F-D2A742FD971C}.Debug|x64.Build.0 = Debug|x64
		{FC854FE6-6CD1-4BFC-B22F-D2A742FD971C}.Debug|x86.ActiveCfg = Debug|x64
		{FC854FE6-6CD1-4BFC-B22F-D2A742FD971C}.Release|x64.ActiveCfg = Release|x64
		{FC854FE6-6CD1-4BFC-B22F-D2A742FD971C}.Release|x64.Build.0 = Release|x64
		{FC854FE6-6CD1-4BFC-B22F-D2A742FD971C}.Release|x86.ActiveCfg = Release|x64
		{68295A3A-BDA3-4B84-BC14-74977AC113FA}.Debug|x64.ActiveCfg = Debug|x64
		{68295A3A-BDA3-4B84-BC14-74977AC113FA}.Debug|x64.Build.0 = Debug|x64
		{68295A3A-BDA3-4B84-BC14-74977AC113FA}.Debug|x86.ActiveCfg = Debug|x64
		{68295A3A-BDA3-4B84-BC14-74977AC113FA}.Release|x64.ActiveCfg = Release|x64
		{68295A3A-BDA3-4B84-BC14-74977AC113FA}.Release|x64.Build.0 = Release|x64
		{68295A3A-BDA3-4B84-BC14-74977AC113FA}.Release|x86.ActiveCfg = Release|x64
		{AFAB1443-A0C2-4D82-A89F-283BE46250D1}.Debug|x64.ActiveCfg = Debug|x64
		{AFAB1443-A0C2-4D82-A89F-283BE46250D1}.Debug|x64.Build.0 = Debug|x64
		{AFAB1443-A0C2-4D82-A89F-283BE46250D1}.Debug|x86.ActiveCfg = Debug|x64
		{AFAB1443-A0C2-4D82-A89F-283BE46250D1}.Release|x64.ActiveCfg = Release|x64
		{AFAB1443-A0C2-4D82-A89F-283BE46250D1}.Release|x64.Build.0 = Release|x64
		{AFAB1443-A0C2-4D82-A89F-283BE46250D1}.Release|x86.ActiveCfg = Release|x64
		{88DF3121-DC28-4BD7-895B-25F5993DBFB2}.Debug|x64.ActiveCfg = Debug|x64
		{88DF3121-DC28-4BD7-895B-25F5993DBFB2}.Debug|x64.Build.0 = Debug|x64
		{88DF3121-DC28-4BD7-895B-25F5993DBFB2}.Debug|x86.ActiveCfg = Debug|x64
		{88DF3121-DC28-4BD7-895B-25F5993DBFB2}.Release|x64.ActiveCfg = Release|x64
		{88DF3121-DC28-4BD7-895B-25F5993DBFB2}.Release|x64.Build.0 = Release|x64
		{88DF3121-DC28-4BD7-895B-25F5993DBFB2}.Release|x86.ActiveCfg = Release|x64
	EndGlobalSection
	GlobalSection(SolutionProperties) = preSolution
		HideSolutionNode = FALSE
	EndGlobalSection
	GlobalSection(NestedProjects) = preSolution
		{D087F76E-E4AE-48E3-A57D-718F5E59B4C0} = {1D179A75-BB71-4548-95D7-D5FF5A9C3AD9}
		{2CC0C2FE-0094-4C5E-BAE0-456BB95D8C34} = {D087F76E-E4AE-48E3-A57D-718F5E59B4C0}
		{687B1417-5063-43F8-B4D1-6E8C66531121} = {1D179A75-BB71-4548-95D7-D5FF5A9C3AD9}
		{0F0E932C-DEEE-43FC-8A0E-CD7A58857D92} = {D087F76E-E4AE-48E3-A57D-718F5E59B4C0}
		{E05617F0-FAFA-43C6-8646-BC30E40CD761} = {687B1417-5063-43F8-B4D1-6E8C66531121}
		{FC854FE6-6CD1-4BFC-B22F-D2A742FD971C} = {687B1417-5063-43F8-B4D1-6E8C66531121}
		{68295A3A-BDA3-4B84-BC14-74977AC113FA} = {687B1417-5063-43F8-B4D1-6E8C66531121}
		{AFAB1443-A0C2-4D82-A89F-283BE46250D1} = {687B1417-5063-43F8-B4D1-6E8C66531121}
		{88DF3121-DC28-4BD7-895B-25F5993DBFB2} = {597D7227-D9E1-4C76-B6F2-3CA79C3A6BA1}
	EndGlobalSection
	GlobalSection(ExtensibilityGlobals) = postSolution
		SolutionGuid = {0F58A6B8-C040-4A92-9898-1E6968E55CF1}
		Qt5Version = msvc2015_86
	EndGlobalSection
EndGlobal
